
Microsoft Visual Studio Solution File, Format Version 12.00
# Visual Studio Version 17
Project("{8BC9CEB8-8B4A-11D0-8D11-00A0C91BC942}") = "ALL_BUILD", "ALL_BUILD.vcxproj", "{9FA39C07-D5E2-31C2-9F74-A78907CCA222}"
	ProjectSection(ProjectDependencies) = postProject
		{A536F31B-EE9D-325F-BCC5-03EDA8453970} = {A536F31B-EE9D-325F-BCC5-03EDA8453970}
		{F9FFC1C5-93E9-3F27-8561-51517D8DC3D6} = {F9FFC1C5-93E9-3F27-8561-51517D8DC3D6}
	EndProjectSection
EndProject
Project("{8BC9CEB8-8B4A-11D0-8D11-00A0C91BC942}") = "ZERO_CHECK", "ZERO_CHECK.vcxproj", "{A536F31B-EE9D-325F-BCC5-03EDA8453970}"
	ProjectSection(ProjectDependencies) = postProject
	EndProjectSection
EndProject
Project("{8BC9CEB8-8B4A-11D0-8D11-00A0C91BC942}") = "module_name", "module_name.vcxproj", "{F9FFC1C5-93E9-3F27-8561-51517D8DC3D6}"
	ProjectSection(ProjectDependencies) = postProject
		{A536F31B-EE9D-325F-BCC5-03EDA8453970} = {A536F31B-EE9D-325F-BCC5-03EDA8453970}
	EndProjectSection
EndProject
Global
	GlobalSection(SolutionConfigurationPlatforms) = preSolution
		Debug|x64 = Debug|x64
		Release|x64 = Release|x64
		MinSizeRel|x64 = MinSizeRel|x64
		RelWithDebInfo|x64 = RelWithDebInfo|x64
	EndGlobalSection
	GlobalSection(ProjectConfigurationPlatforms) = postSolution
		{9FA39C07-D5E2-31C2-9F74-A78907CCA222}.Debug|x64.ActiveCfg = Debug|x64
		{9FA39C07-D5E2-31C2-9F74-A78907CCA222}.Release|x64.ActiveCfg = Release|x64
		{9FA39C07-D5E2-31C2-9F74-A78907CCA222}.MinSizeRel|x64.ActiveCfg = MinSizeRel|x64
		{9FA39C07-D5E2-31C2-9F74-A78907CCA222}.RelWithDebInfo|x64.ActiveCfg = RelWithDebInfo|x64
		{A536F31B-EE9D-325F-BCC5-03EDA8453970}.Debug|x64.ActiveCfg = Debug|x64
		{A536F31B-EE9D-325F-BCC5-03EDA8453970}.Debug|x64.Build.0 = Debug|x64
		{A536F31B-EE9D-325F-BCC5-03EDA8453970}.Release|x64.ActiveCfg = Release|x64
		{A536F31B-EE9D-325F-BCC5-03EDA8453970}.Release|x64.Build.0 = Release|x64
		{A536F31B-EE9D-325F-BCC5-03EDA8453970}.MinSizeRel|x64.ActiveCfg = MinSizeRel|x64
		{A536F31B-EE9D-325F-BCC5-03EDA8453970}.MinSizeRel|x64.Build.0 = MinSizeRel|x64
		{A536F31B-EE9D-325F-BCC5-03EDA8453970}.RelWithDebInfo|x64.ActiveCfg = RelWithDebInfo|x64
		{A536F31B-EE9D-325F-BCC5-03EDA8453970}.RelWithDebInfo|x64.Build.0 = RelWithDebInfo|x64
		{F9FFC1C5-93E9-3F27-8561-51517D8DC3D6}.Debug|x64.ActiveCfg = Debug|x64
		{F9FFC1C5-93E9-3F27-8561-51517D8DC3D6}.Debug|x64.Build.0 = Debug|x64
		{F9FFC1C5-93E9-3F27-8561-51517D8DC3D6}.Release|x64.ActiveCfg = Release|x64
		{F9FFC1C5-93E9-3F27-8561-51517D8DC3D6}.Release|x64.Build.0 = Release|x64
		{F9FFC1C5-93E9-3F27-8561-51517D8DC3D6}.MinSizeRel|x64.ActiveCfg = MinSizeRel|x64
		{F9FFC1C5-93E9-3F27-8561-51517D8DC3D6}.MinSizeRel|x64.Build.0 = MinSizeRel|x64
		{F9FFC1C5-93E9-3F27-8561-51517D8DC3D6}.RelWithDebInfo|x64.ActiveCfg = RelWithDebInfo|x64
		{F9FFC1C5-93E9-3F27-8561-51517D8DC3D6}.RelWithDebInfo|x64.Build.0 = RelWithDebInfo|x64
	EndGlobalSection
	GlobalSection(ExtensibilityGlobals) = postSolution
		SolutionGuid = {E3BA38CB-CEFB-3479-A505-4C8BCA03BB0C}
	EndGlobalSection
	GlobalSection(ExtensibilityAddIns) = postSolution
	EndGlobalSection
EndGlobal
